
Microsoft Visual Studio Solution File, Format Version 12.00
# Visual Studio Version 17
VisualStudioVersion = 17.9.34728.123
MinimumVisualStudioVersion = 10.0.40219.1
Project("{888888A0-9F3D-457C-B088-3A5042F75D52}") = "PythonApplication - BMI Calc", "PythonApplication - BMI Calc\PythonApplication - BMI Calc.pyproj", "{C1A4CAC6-5561-4FDD-8328-7EF0181E1A1D}"
EndProject
Global
	GlobalSection(SolutionConfigurationPlatforms) = preSolution
		Debug|Any CPU = Debug|Any CPU
		Release|Any CPU = Release|Any CPU
	EndGlobalSection
	GlobalSection(ProjectConfigurationPlatforms) = postSolution
		{C1A4CAC6-5561-4FDD-8328-7EF0181E1A1D}.Debug|Any CPU.ActiveCfg = Debug|Any CPU
		{C1A4CAC6-5561-4FDD-8328-7EF0181E1A1D}.Release|Any CPU.ActiveCfg = Release|Any CPU
	EndGlobalSection
	GlobalSection(SolutionProperties) = preSolution
		HideSolutionNode = FALSE
	EndGlobalSection
	GlobalSection(ExtensibilityGlobals) = postSolution
		SolutionGuid = {1624A9D0-C3F7-40E0-AA36-C4DBCF4E6E68}
	EndGlobalSection
EndGlobal
